
Microsoft Visual Studio Solution File, Format Version 12.00
# Visual Studio Version 17
VisualStudioVersion = 17.11.35312.102
MinimumVisualStudioVersion = 10.0.40219.1
Project("{9A19103F-16F7-4668-BE54-9A1E7A4F7556}") = "Enterprise.EmployeeManagementSystem", "Enterprise.EmployeeManagementSystem\Enterprise.EmployeeManagementSystem.csproj", "{6413DE71-260A-49A7-80C5-B8B4EF23122E}"
EndProject
Project("{9A19103F-16F7-4668-BE54-9A1E7A4F7556}") = "Enterprise.EmployeeManagement.BAL", "Enterprise.EmployeeManagement.BAL\Enterprise.EmployeeManagement.BAL.csproj", "{45FD005A-63D5-4633-A800-E7ACA7EE8931}"
EndProject
Project("{9A19103F-16F7-4668-BE54-9A1E7A4F7556}") = "Enterprise.EmployeeManagement.DAL", "Enterprise.EmployeeManagement.DAL\Enterprise.EmployeeManagement.DAL.csproj", "{3BD4678F-F54B-472B-9F87-B30A9D18B00C}"
EndProject
Global
	GlobalSection(SolutionConfigurationPlatforms) = preSolution
		Debug|Any CPU = Debug|Any CPU
		Release|Any CPU = Release|Any CPU
	EndGlobalSection
	GlobalSection(ProjectConfigurationPlatforms) = postSolution
		{6413DE71-260A-49A7-80C5-B8B4EF23122E}.Debug|Any CPU.ActiveCfg = Debug|Any CPU
		{6413DE71-260A-49A7-80C5-B8B4EF23122E}.Debug|Any CPU.Build.0 = Debug|Any CPU
		{6413DE71-260A-49A7-80C5-B8B4EF23122E}.Release|Any CPU.ActiveCfg = Release|Any CPU
		{6413DE71-260A-49A7-80C5-B8B4EF23122E}.Release|Any CPU.Build.0 = Release|Any CPU
		{45FD005A-63D5-4633-A800-E7ACA7EE8931}.Debug|Any CPU.ActiveCfg = Debug|Any CPU
		{45FD005A-63D5-4633-A800-E7ACA7EE8931}.Debug|Any CPU.Build.0 = Debug|Any CPU
		{45FD005A-63D5-4633-A800-E7ACA7EE8931}.Release|Any CPU.ActiveCfg = Release|Any CPU
		{45FD005A-63D5-4633-A800-E7ACA7EE8931}.Release|Any CPU.Build.0 = Release|Any CPU
		{3BD4678F-F54B-472B-9F87-B30A9D18B00C}.Debug|Any CPU.ActiveCfg = Debug|Any CPU
		{3BD4678F-F54B-472B-9F87-B30A9D18B00C}.Debug|Any CPU.Build.0 = Debug|Any CPU
		{3BD4678F-F54B-472B-9F87-B30A9D18B00C}.Release|Any CPU.ActiveCfg = Release|Any CPU
		{3BD4678F-F54B-472B-9F87-B30A9D18B00C}.Release|Any CPU.Build.0 = Release|Any CPU
	EndGlobalSection
	GlobalSection(SolutionProperties) = preSolution
		HideSolutionNode = FALSE
	EndGlobalSection
	GlobalSection(ExtensibilityGlobals) = postSolution
		SolutionGuid = {454AB42F-737E-4C93-8E79-DB6BE998B1C2}
	EndGlobalSection
EndGlobal
